
Microsoft Visual Studio Solution File, Format Version 12.00
# Visual Studio Version 16
VisualStudioVersion = 16.0.28803.452
MinimumVisualStudioVersion = 10.0.40219.1
Project("{9A19103F-16F7-4668-BE54-9A1E7A4F7556}") = "Console_Demo", "Console_Demo\Console_Demo.csproj", "{3376C881-402C-4817-91B0-15919C356B7F}"
EndProject
Project("{FAE04EC0-301F-11D3-BF4B-00C04F79EFBC}") = "ConsoleApp1", "ConsoleApp1\ConsoleApp1.csproj", "{045B9445-3638-4B93-A78B-F1F89D4CB086}"
EndProject
Project("{FAE04EC0-301F-11D3-BF4B-00C04F79EFBC}") = "XUnitTestProject1", "XUnitTestProject1\XUnitTestProject1.csproj", "{B81CB8D8-BCD5-4BD8-ACFB-EDF5F5AD71B3}"
EndProject
Project("{FAE04EC0-301F-11D3-BF4B-00C04F79EFBC}") = "DemoClasses", "DemoClasses\DemoClasses.csproj", "{448A036E-5F58-4D57-957D-CCBB5B985A12}"
EndProject
Project("{FAE04EC0-301F-11D3-BF4B-00C04F79EFBC}") = "TestConsoleDLL", "TestConsoleDLL\TestConsoleDLL.csproj", "{0578F965-0CB7-428D-B76E-45B599787E86}"
EndProject
Global
	GlobalSection(SolutionConfigurationPlatforms) = preSolution
		Debug|Any CPU = Debug|Any CPU
		Debug|ARM = Debug|ARM
		Debug|ARM64 = Debug|ARM64
		Debug|x64 = Debug|x64
		Debug|x86 = Debug|x86
		Release|Any CPU = Release|Any CPU
		Release|ARM = Release|ARM
		Release|ARM64 = Release|ARM64
		Release|x64 = Release|x64
		Release|x86 = Release|x86
	EndGlobalSection
	GlobalSection(ProjectConfigurationPlatforms) = postSolution
		{3376C881-402C-4817-91B0-15919C356B7F}.Debug|Any CPU.ActiveCfg = Debug|Any CPU
		{3376C881-402C-4817-91B0-15919C356B7F}.Debug|Any CPU.Build.0 = Debug|Any CPU
		{3376C881-402C-4817-91B0-15919C356B7F}.Debug|ARM.ActiveCfg = Debug|Any CPU
		{3376C881-402C-4817-91B0-15919C356B7F}.Debug|ARM.Build.0 = Debug|Any CPU
		{3376C881-402C-4817-91B0-15919C356B7F}.Debug|ARM64.ActiveCfg = Debug|Any CPU
		{3376C881-402C-4817-91B0-15919C356B7F}.Debug|ARM64.Build.0 = Debug|Any CPU
		{3376C881-402C-4817-91B0-15919C356B7F}.Debug|x64.ActiveCfg = Debug|Any CPU
		{3376C881-402C-4817-91B0-15919C356B7F}.Debug|x64.Build.0 = Debug|Any CPU
		{3376C881-402C-4817-91B0-15919C356B7F}.Debug|x86.ActiveCfg = Debug|Any CPU
		{3376C881-402C-4817-91B0-15919C356B7F}.Debug|x86.Build.0 = Debug|Any CPU
		{3376C881-402C-4817-91B0-15919C356B7F}.Release|Any CPU.ActiveCfg = Release|Any CPU
		{3376C881-402C-4817-91B0-15919C356B7F}.Release|Any CPU.Build.0 = Release|Any CPU
		{3376C881-402C-4817-91B0-15919C356B7F}.Release|ARM.ActiveCfg = Release|Any CPU
		{3376C881-402C-4817-91B0-15919C356B7F}.Release|ARM.Build.0 = Release|Any CPU
		{3376C881-402C-4817-91B0-15919C356B7F}.Release|ARM64.ActiveCfg = Release|Any CPU
		{3376C881-402C-4817-91B0-15919C356B7F}.Release|ARM64.Build.0 = Release|Any CPU
		{3376C881-402C-4817-91B0-15919C356B7F}.Release|x64.ActiveCfg = Release|Any CPU
		{3376C881-402C-4817-91B0-15919C356B7F}.Release|x64.Build.0 = Release|Any CPU
		{3376C881-402C-4817-91B0-15919C356B7F}.Release|x86.ActiveCfg = Release|Any CPU
		{3376C881-402C-4817-91B0-15919C356B7F}.Release|x86.Build.0 = Release|Any CPU
		{045B9445-3638-4B93-A78B-F1F89D4CB086}.Debug|Any CPU.ActiveCfg = Debug|Any CPU
		{045B9445-3638-4B93-A78B-F1F89D4CB086}.Debug|Any CPU.Build.0 = Debug|Any CPU
		{045B9445-3638-4B93-A78B-F1F89D4CB086}.Debug|ARM.ActiveCfg = Debug|Any CPU
		{045B9445-3638-4B93-A78B-F1F89D4CB086}.Debug|ARM.Build.0 = Debug|Any CPU
		{045B9445-3638-4B93-A78B-F1F89D4CB086}.Debug|ARM64.ActiveCfg = Debug|Any CPU
		{045B9445-3638-4B93-A78B-F1F89D4CB086}.Debug|ARM64.Build.0 = Debug|Any CPU
		{045B9445-3638-4B93-A78B-F1F89D4CB086}.Debug|x64.ActiveCfg = Debug|Any CPU
		{045B9445-3638-4B93-A78B-F1F89D4CB086}.Debug|x64.Build.0 = Debug|Any CPU
		{045B9445-3638-4B93-A78B-F1F89D4CB086}.Debug|x86.ActiveCfg = Debug|Any CPU
		{045B9445-3638-4B93-A78B-F1F89D4CB086}.Debug|x86.Build.0 = Debug|Any CPU
		{045B9445-3638-4B93-A78B-F1F89D4CB086}.Release|Any CPU.ActiveCfg = Release|Any CPU
		{045B9445-3638-4B93-A78B-F1F89D4CB086}.Release|Any CPU.Build.0 = Release|Any CPU
		{045B9445-3638-4B93-A78B-F1F89D4CB086}.Release|ARM.ActiveCfg = Release|Any CPU
		{045B9445-3638-4B93-A78B-F1F89D4CB086}.Release|ARM.Build.0 = Release|Any CPU
		{045B9445-3638-4B93-A78B-F1F89D4CB086}.Release|ARM64.ActiveCfg = Release|Any CPU
		{045B9445-3638-4B93-A78B-F1F89D4CB086}.Release|ARM64.Build.0 = Release|Any CPU
		{045B9445-3638-4B93-A78B-F1F89D4CB086}.Release|x64.ActiveCfg = Release|Any CPU
		{045B9445-3638-4B93-A78B-F1F89D4CB086}.Release|x64.Build.0 = Release|Any CPU
		{045B9445-3638-4B93-A78B-F1F89D4CB086}.Release|x86.ActiveCfg = Release|Any CPU
		{045B9445-3638-4B93-A78B-F1F89D4CB086}.Release|x86.Build.0 = Release|Any CPU
		{B81CB8D8-BCD5-4BD8-ACFB-EDF5F5AD71B3}.Debug|Any CPU.ActiveCfg = Debug|Any CPU
		{B81CB8D8-BCD5-4BD8-ACFB-EDF5F5AD71B3}.Debug|Any CPU.Build.0 = Debug|Any CPU
		{B81CB8D8-BCD5-4BD8-ACFB-EDF5F5AD71B3}.Debug|ARM.ActiveCfg = Debug|Any CPU
		{B81CB8D8-BCD5-4BD8-ACFB-EDF5F5AD71B3}.Debug|ARM.Build.0 = Debug|Any CPU
		{B81CB8D8-BCD5-4BD8-ACFB-EDF5F5AD71B3}.Debug|ARM64.ActiveCfg = Debug|Any CPU
		{B81CB8D8-BCD5-4BD8-ACFB-EDF5F5AD71B3}.Debug|ARM64.Build.0 = Debug|Any CPU
		{B81CB8D8-BCD5-4BD8-ACFB-EDF5F5AD71B3}.Debug|x64.ActiveCfg = Debug|Any CPU
		{B81CB8D8-BCD5-4BD8-ACFB-EDF5F5AD71B3}.Debug|x64.Build.0 = Debug|Any CPU
		{B81CB8D8-BCD5-4BD8-ACFB-EDF5F5AD71B3}.Debug|x86.ActiveCfg = Debug|Any CPU
		{B81CB8D8-BCD5-4BD8-ACFB-EDF5F5AD71B3}.Debug|x86.Build.0 = Debug|Any CPU
		{B81CB8D8-BCD5-4BD8-ACFB-EDF5F5AD71B3}.Release|Any CPU.ActiveCfg = Release|Any CPU
		{B81CB8D8-BCD5-4BD8-ACFB-EDF5F5AD71B3}.Release|Any CPU.Build.0 = Release|Any CPU
		{B81CB8D8-BCD5-4BD8-ACFB-EDF5F5AD71B3}.Release|ARM.ActiveCfg = Release|Any CPU
		{B81CB8D8-BCD5-4BD8-ACFB-EDF5F5AD71B3}.Release|ARM.Build.0 = Release|Any CPU
		{B81CB8D8-BCD5-4BD8-ACFB-EDF5F5AD71B3}.Release|ARM64.ActiveCfg = Release|Any CPU
		{B81CB8D8-BCD5-4BD8-ACFB-EDF5F5AD71B3}.Release|ARM64.Build.0 = Release|Any CPU
		{B81CB8D8-BCD5-4BD8-ACFB-EDF5F5AD71B3}.Release|x64.ActiveCfg = Release|Any CPU
		{B81CB8D8-BCD5-4BD8-ACFB-EDF5F5AD71B3}.Release|x64.Build.0 = Release|Any CPU
		{B81CB8D8-BCD5-4BD8-ACFB-EDF5F5AD71B3}.Release|x86.ActiveCfg = Release|Any CPU
		{B81CB8D8-BCD5-4BD8-ACFB-EDF5F5AD71B3}.Release|x86.Build.0 = Release|Any CPU
		{448A036E-5F58-4D57-957D-CCBB5B985A12}.Debug|Any CPU.ActiveCfg = Debug|Any CPU
		{448A036E-5F58-4D57-957D-CCBB5B985A12}.Debug|Any CPU.Build.0 = Debug|Any CPU
		{448A036E-5F58-4D57-957D-CCBB5B985A12}.Debug|ARM.ActiveCfg = Debug|Any CPU
		{448A036E-5F58-4D57-957D-CCBB5B985A12}.Debug|ARM.Build.0 = Debug|Any CPU
		{448A036E-5F58-4D57-957D-CCBB5B985A12}.Debug|ARM64.ActiveCfg = Debug|Any CPU
		{448A036E-5F58-4D57-957D-CCBB5B985A12}.Debug|ARM64.Build.0 = Debug|Any CPU
		{448A036E-5F58-4D57-957D-CCBB5B985A12}.Debug|x64.ActiveCfg = Debug|Any CPU
		{448A036E-5F58-4D57-957D-CCBB5B985A12}.Debug|x64.Build.0 = Debug|Any CPU
		{448A036E-5F58-4D57-957D-CCBB5B985A12}.Debug|x86.ActiveCfg = Debug|Any CPU
		{448A036E-5F58-4D57-957D-CCBB5B985A12}.Debug|x86.Build.0 = Debug|Any CPU
		{448A036E-5F58-4D57-957D-CCBB5B985A12}.Release|Any CPU.ActiveCfg = Release|Any CPU
		{448A036E-5F58-4D57-957D-CCBB5B985A12}.Release|Any CPU.Build.0 = Release|Any CPU
		{448A036E-5F58-4D57-957D-CCBB5B985A12}.Release|ARM.ActiveCfg = Release|Any CPU
		{448A036E-5F58-4D57-957D-CCBB5B985A12}.Release|ARM.Build.0 = Release|Any CPU
		{448A036E-5F58-4D57-957D-CCBB5B985A12}.Release|ARM64.ActiveCfg = Release|Any CPU
		{448A036E-5F58-4D57-957D-CCBB5B985A12}.Release|ARM64.Build.0 = Release|Any CPU
		{448A036E-5F58-4D57-957D-CCBB5B985A12}.Release|x64.ActiveCfg = Release|Any CPU
		{448A036E-5F58-4D57-957D-CCBB5B985A12}.Release|x64.Build.0 = Release|Any CPU
		{448A036E-5F58-4D57-957D-CCBB5B985A12}.Release|x86.ActiveCfg = Release|Any CPU
		{448A036E-5F58-4D57-957D-CCBB5B985A12}.Release|x86.Build.0 = Release|Any CPU
		{0578F965-0CB7-428D-B76E-45B599787E86}.Debug|Any CPU.ActiveCfg = Debug|Any CPU
		{0578F965-0CB7-428D-B76E-45B599787E86}.Debug|Any CPU.Build.0 = Debug|Any CPU
		{0578F965-0CB7-428D-B76E-45B599787E86}.Debug|ARM.ActiveCfg = Debug|Any CPU
		{0578F965-0CB7-428D-B76E-45B599787E86}.Debug|ARM.Build.0 = Debug|Any CPU
		{0578F965-0CB7-428D-B76E-45B599787E86}.Debug|ARM64.ActiveCfg = Debug|Any CPU
		{0578F965-0CB7-428D-B76E-45B599787E86}.Debug|ARM64.Build.0 = Debug|Any CPU
		{0578F965-0CB7-428D-B76E-45B599787E86}.Debug|x64.ActiveCfg = Debug|Any CPU
		{0578F965-0CB7-428D-B76E-45B599787E86}.Debug|x64.Build.0 = Debug|Any CPU
		{0578F965-0CB7-428D-B76E-45B599787E86}.Debug|x86.ActiveCfg = Debug|Any CPU
		{0578F965-0CB7-428D-B76E-45B599787E86}.Debug|x86.Build.0 = Debug|Any CPU
		{0578F965-0CB7-428D-B76E-45B599787E86}.Release|Any CPU.ActiveCfg = Release|Any CPU
		{0578F965-0CB7-428D-B76E-45B599787E86}.Release|Any CPU.Build.0 = Release|Any CPU
		{0578F965-0CB7-428D-B76E-45B599787E86}.Release|ARM.ActiveCfg = Release|Any CPU
		{0578F965-0CB7-428D-B76E-45B599787E86}.Release|ARM.Build.0 = Release|Any CPU
		{0578F965-0CB7-428D-B76E-45B599787E86}.Release|ARM64.ActiveCfg = Release|Any CPU
		{0578F965-0CB7-428D-B76E-45B599787E86}.Release|ARM64.Build.0 = Release|Any CPU
		{0578F965-0CB7-428D-B76E-45B599787E86}.Release|x64.ActiveCfg = Release|Any CPU
		{0578F965-0CB7-428D-B76E-45B599787E86}.Release|x64.Build.0 = Release|Any CPU
		{0578F965-0CB7-428D-B76E-45B599787E86}.Release|x86.ActiveCfg = Release|Any CPU
		{0578F965-0CB7-428D-B76E-45B599787E86}.Release|x86.Build.0 = Release|Any CPU
	EndGlobalSection
	GlobalSection(SolutionProperties) = preSolution
		HideSolutionNode = FALSE
	EndGlobalSection
	GlobalSection(ExtensibilityGlobals) = postSolution
		SolutionGuid = {97C52B5D-D7DC-4158-932A-2B0FD9A6186C}
	EndGlobalSection
EndGlobal
